
Microsoft Visual Studio Solution File, Format Version 12.00
# Visual Studio Version 17
VisualStudioVersion = 17.14.36518.9 d17.14
MinimumVisualStudioVersion = 10.0.40219.1
Project("{8BC9CEB8-8B4A-11D0-8D11-00A0C91BC942}") = "12.15", "12.15\12.15.vcxproj", "{0D3E51A4-B400-41BD-B4F5-CBDAC9B5262F}"
EndProject
Global
	GlobalSection(SolutionConfigurationPlatforms) = preSolution
		Debug|x64 = Debug|x64
		Debug|x86 = Debug|x86
		Release|x64 = Release|x64
		Release|x86 = Release|x86
	EndGlobalSection
	GlobalSection(ProjectConfigurationPlatforms) = postSolution
		{0D3E51A4-B400-41BD-B4F5-CBDAC9B5262F}.Debug|x64.ActiveCfg = Debug|x64
		{0D3E51A4-B400-41BD-B4F5-CBDAC9B5262F}.Debug|x64.Build.0 = Debug|x64
		{0D3E51A4-B400-41BD-B4F5-CBDAC9B5262F}.Debug|x86.ActiveCfg = Debug|Win32
		{0D3E51A4-B400-41BD-B4F5-CBDAC9B5262F}.Debug|x86.Build.0 = Debug|Win32
		{0D3E51A4-B400-41BD-B4F5-CBDAC9B5262F}.Release|x64.ActiveCfg = Release|x64
		{0D3E51A4-B400-41BD-B4F5-CBDAC9B5262F}.Release|x64.Build.0 = Release|x64
		{0D3E51A4-B400-41BD-B4F5-CBDAC9B5262F}.Release|x86.ActiveCfg = Release|Win32
		{0D3E51A4-B400-41BD-B4F5-CBDAC9B5262F}.Release|x86.Build.0 = Release|Win32
	EndGlobalSection
	GlobalSection(SolutionProperties) = preSolution
		HideSolutionNode = FALSE
	EndGlobalSection
	GlobalSection(ExtensibilityGlobals) = postSolution
		SolutionGuid = {12244852-3186-4B35-8701-768301A758D4}
	EndGlobalSection
EndGlobal
